lockfileVersion: '9.0'

settings:
  autoInstallPeers: true
  excludeLinksFromLockfile: false

importers:

  .:
    dependencies:
      d3-array:
        specifier: ^3.2.4
        version: 3.2.4
      d3-cloud:
        specifier: ^1.2.9
        version: 1.2.9
      d3-dispatch:
        specifier: ^3.0.1
        version: 3.0.1
      d3-scale:
        specifier: ^4.0.2
        version: 4.0.2
      d3-scale-chromatic:
        specifier: ^3.1.0
        version: 3.1.0
      d3-selection:
        specifier: ^3.0.0
        version: 3.0.0
      d3-transition:
        specifier: ^3.0.1
        version: 3.0.1(d3-selection@3.0.0)
      lodash.debounce:
        specifier: ^4.0.8
        version: 4.0.8
      seedrandom:
        specifier: ^3.0.5
        version: 3.0.5
    devDependencies:
      '@types/d3-array':
        specifier: ^2.12.8
        version: 2.12.8
      '@types/d3-cloud':
        specifier: ^1.2.9
        version: 1.2.9
      '@types/d3-scale':
        specifier: ^2.2.10
        version: 2.2.10
      '@types/d3-scale-chromatic':
        specifier: ^1.5.4
        version: 1.5.4
      '@types/d3-selection':
        specifier: ^1.4.7
        version: 1.4.7
      '@types/lodash.debounce':
        specifier: ^4.0.9
        version: 4.0.9
      '@types/seedrandom':
        specifier: ^2.4.34
        version: 2.4.34
      oxlint:
        specifier: ^1.0.0
        version: 1.52.0
      react:
        specifier: ^19.0.0
        version: 19.2.4
      react-dom:
        specifier: ^19.0.0
        version: 19.2.4(react@19.2.4)
      rolldown:
        specifier: ^1.0.0-rc
        version: 1.0.0-rc.8
      typescript:
        specifier: ^5.8.0
        version: 5.9.3

packages:

  '@emnapi/core@1.8.1':
    resolution: {integrity: sha512-AvT9QFpxK0Zd8J0jopedNm+w/2fIzvtPKPjqyw9jwvBaReTTqPBk9Hixaz7KbjimP+QNz605/XnjFcDAL2pqBg==}

  '@emnapi/runtime@1.8.1':
    resolution: {integrity: sha512-mehfKSMWjjNol8659Z8KxEMrdSJDDot5SXMq00dM8BN4o+CLNXQ0xH2V7EchNHV4RmbZLmmPdEaXZc5H2FXmDg==}

  '@emnapi/wasi-threads@1.1.0':
    resolution: {integrity: sha512-WI0DdZ8xFSbgMjR1sFsKABJ/C5OnRrjT06JXbZKexJGrDuPTzZdDYfFlsgcCXCyf+suG5QU2e/y1Wo2V/OapLQ==}

  '@napi-rs/wasm-runtime@1.1.1':
    resolution: {integrity: sha512-p64ah1M1ld8xjWv3qbvFwHiFVWrq1yFvV4f7w+mzaqiR4IlSgkqhcRdHwsGgomwzBH51sRY4NEowLxnaBjcW/A==}

  '@oxc-project/types@0.115.0':
    resolution: {integrity: sha512-4n91DKnebUS4yjUHl2g3/b2T+IUdCfmoZGhmwsovZCDaJSs+QkVAM+0AqqTxHSsHfeiMuueT75cZaZcT/m0pSw==}

  '@oxlint/binding-android-arm-eabi@1.52.0':
    resolution: {integrity: sha512-fW2pmR1VzFEdcvOYeSiv+R7CqffOjr9Bv5QmZaHuHJ4ZCqouaF6o48N/hJ3H1n9Zd8PCMFgJkeqUvUsVce01mw==}
    engines: {node: ^20.19.0 || >=22.12.0}
    cpu: [arm]
    os: [android]

  '@oxlint/binding-android-arm64@1.52.0':
    resolution: {integrity: sha512-ptuJljIB+klNi8//qxXyGD51NLJXY9lv40Olc7l3/pEyjejWwXGvGMO0GM6f0JsjmbnDL+VkX7RVQNhByaX8WA==}
    engines: {node: ^20.19.0 || >=22.12.0}
    cpu: [arm64]
    os: [android]

  '@oxlint/binding-darwin-arm64@1.52.0':
    resolution: {integrity: sha512-5d079Uw43BHVZzOwm3uJI2PgSbsZJTpfHDq2jMOR6rRjGiEBlgasaEvAA26VBqpkO1++/59ZCKLBnEpkro3zIg==}
    engines: {node: ^20.19.0 || >=22.12.0}
    cpu: [arm64]
    os: [darwin]

  '@oxlint/binding-darwin-x64@1.52.0':
    resolution: {integrity: sha512-vRTjnhPEHAyfUhO9w6GM1VkxeVXFcDs+huyB5YNMw+Py+6PRYDFFrrOEr0rZYcoGtSH25ScozZV8I1UXrzaDjQ==}
    engines: {node: ^20.19.0 || >=22.12.0}
    cpu: [x64]
    os: [darwin]

  '@oxlint/binding-freebsd-x64@1.52.0':
    resolution: {integrity: sha512-vFthhhciRAliAjoKMsvi7UkkQp/EtMNhmCRYBuKsNiTH0k4H3SFfbuWWr80Q7+uTXijfBP91KO/EeF48RggC7A==}
    engines: {node: ^20.19.0 || >=22.12.0}
    cpu: [x64]
    os: [freebsd]

  '@oxlint/binding-linux-arm-gnueabihf@1.52.0':
    resolution: {integrity: sha512-qX3K4mKbju54ojUa8nigVxxZAUDBGu5MGzpoXvWmiw+7hafoQKaLAoTm94EqRlv9v27p864GQBgc4g3qYtMXXA==}
    engines: {node: ^20.19.0 || >=22.12.0}
    cpu: [arm]
    os: [linux]

  '@oxlint/binding-linux-arm-musleabihf@1.52.0':
    resolution: {integrity: sha512-x5D5/EUS9U4kndPncLB6mDfCsv7i8XcRLu0DZyTngXvyqapc96WwmyyOG2j8Dt26aE8Ykgh6AhsHp9bQtoBUAw==}
    engines: {node: ^20.19.0 || >=22.12.0}
    cpu: [arm]
    os: [linux]

  '@oxlint/binding-linux-arm64-gnu@1.52.0':
    resolution: {integrity: sha512-2Ep1tnGLuGG7lUkKG/nilIJ0/T2rebEcATxMJ7afuhD6Z2Sc9dDcpX00IngAMyR9l6hXrvaOw9YA5HUAJVSENg==}
    engines: {node: ^20.19.0 || >=22.12.0}
    cpu: [arm64]
    os: [linux]

  '@oxlint/binding-linux-arm64-musl@1.52.0':
    resolution: {integrity: sha512-54wxvb1Pztz0GMgTLUG9HsH8uhZSL4UbG7n4PDxWIRT9TygTVYKfD6D7iasYdKg6ZpWB5Y86VMxgjSJpR/Y7bQ==}
    engines: {node: ^20.19.0 || >=22.12.0}
    cpu: [arm64]
    os: [linux]

  '@oxlint/binding-linux-ppc64-gnu@1.52.0':
    resolution: {integrity: sha512-A82Zks1lJyLclrj8n2tJPHOw2ieZXCaBctnCarS1BRlPQMC1Y98vWCLqgvg9ssWy5ZAja0IjUHN1cYsp53mrqA==}
    engines: {node: ^20.19.0 || >=22.12.0}
    cpu: [ppc64]
    os: [linux]

  '@oxlint/binding-linux-riscv64-gnu@1.52.0':
    resolution: {integrity: sha512-ci89Ou+u9vnA0r4eQqGm/KPEkpea+QEtZCLKkrOAD/K5ZBwjS8ToID6aMgsDbIOJUNBGufsmX0iCC7EWrNKQFA==}
    engines: {node: ^20.19.0 || >=22.12.0}
    cpu: [riscv64]
    os: [linux]

  '@oxlint/binding-linux-riscv64-musl@1.52.0':
    resolution: {integrity: sha512-3/+DVDWajFSu69TaYnKkoUgMEcHR3puO8TcBu3fPCKRhbLjgwDiYIVRdvQX0QaSjkNPJARmpYq7vlPHWNo2cUA==}
    engines: {node: ^20.19.0 || >=22.12.0}
    cpu: [riscv64]
    os: [linux]

  '@oxlint/binding-linux-s390x-gnu@1.52.0':
    resolution: {integrity: sha512-BU7CbceOh00NDmY1IYr72qZoj4sJVHB9DCL2tIq2vyNllNJIpZWTxqlzdqmC4FViXWMy8kZNkOa+SdauH+EcoQ==}
    engines: {node: ^20.19.0 || >=22.12.0}
    cpu: [s390x]
    os: [linux]

  '@oxlint/binding-linux-x64-gnu@1.52.0':
    resolution: {integrity: sha512-JUVZ6TKYl1yArS3xGsNLQlZxgVpjNKtZFja6VxSTDy2ToN7H58PiDRcxWoN2XoIcWlHSvK7pkIPFNOyzdEJ23A==}
    engines: {node: ^20.19.0 || >=22.12.0}
    cpu: [x64]
    os: [linux]

  '@oxlint/binding-linux-x64-musl@1.52.0':
    resolution: {integrity: sha512-IatLKG6UUbIbTBjBZ9SIAYp4SIvOpYIXPXn9cMLqWxh9HrHsu0fLNL+VQ67y4vdlIleYLeuIHkAp3M6saIN1RQ==}
    engines: {node: ^20.19.0 || >=22.12.0}
    cpu: [x64]
    os: [linux]

  '@oxlint/binding-openharmony-arm64@1.52.0':
    resolution: {integrity: sha512-CWgJ6FepHryuc/lgQWStFf3lcvEkbFLSa9zqO0D0QLVfrdg43I4XItKpL/bnfm4n7obzwgG8j8sBggdoxJQKfw==}
    engines: {node: ^20.19.0 || >=22.12.0}
    cpu: [arm64]
    os: [openharmony]

  '@oxlint/binding-win32-arm64-msvc@1.52.0':
    resolution: {integrity: sha512-EuNAbPpctu8jYMZnvYh53Xw3YVY2nIi9bQlyMjY0eKiJxDv8ikHrAfcVcwTQW9xa5tp0eiMkmW7iHPP5CYUC9Q==}
    engines: {node: ^20.19.0 || >=22.12.0}
    cpu: [arm64]
    os: [win32]

  '@oxlint/binding-win32-ia32-msvc@1.52.0':
    resolution: {integrity: sha512-wu3fquQttzSXwyy8DfdOG3Kyb17yAbRhwPlly7NHSXkrffAEAmZ6+o38tCNgsReGLugbn/wbq4uS4nEQubCq+A==}
    engines: {node: ^20.19.0 || >=22.12.0}
    cpu: [ia32]
    os: [win32]

  '@oxlint/binding-win32-x64-msvc@1.52.0':
    resolution: {integrity: sha512-wikx9I9J9/lPOZlrCCNgm8YjWkia8NZfhWd1TTvZTMguyChbw/oA2VEM6Fzx+kkpA+1qu5Mo7nrLdOXEJavw8g==}
    engines: {node: ^20.19.0 || >=22.12.0}
    cpu: [x64]
    os: [win32]

  '@rolldown/binding-android-arm64@1.0.0-rc.8':
    resolution: {integrity: sha512-5bcmMQDWEfWUq3m79Mcf/kbO6e5Jr6YjKSsA1RnpXR6k73hQ9z1B17+4h93jXpzHvS18p7bQHM1HN/fSd+9zog==}
    engines: {node: ^20.19.0 || >=22.12.0}
    cpu: [arm64]
    os: [android]

  '@rolldown/binding-darwin-arm64@1.0.0-rc.8':
    resolution: {integrity: sha512-dcHPd5N4g9w2iiPRJmAvO0fsIWzF2JPr9oSuTjxLL56qu+oML5aMbBMNwWbk58Mt3pc7vYs9CCScwLxdXPdRsg==}
    engines: {node: ^20.19.0 || >=22.12.0}
    cpu: [arm64]
    os: [darwin]

  '@rolldown/binding-darwin-x64@1.0.0-rc.8':
    resolution: {integrity: sha512-mw0VzDvoj8AuR761QwpdCFN0sc/jspuc7eRYJetpLWd+XyansUrH3C7IgNw6swBOgQT9zBHNKsVCjzpfGJlhUA==}
    engines: {node: ^20.19.0 || >=22.12.0}
    cpu: [x64]
    os: [darwin]

  '@rolldown/binding-freebsd-x64@1.0.0-rc.8':
    resolution: {integrity: sha512-xNrRa6mQ9NmMIJBdJtPMPG8Mso0OhM526pDzc/EKnRrIrrkHD1E0Z6tONZRmUeJElfsQ6h44lQQCcDilSNIvSQ==}
    engines: {node: ^20.19.0 || >=22.12.0}
    cpu: [x64]
    os: [freebsd]

  '@rolldown/binding-linux-arm-gnueabihf@1.0.0-rc.8':
    resolution: {integrity: sha512-WgCKoO6O/rRUwimWfEJDeztwJJmuuX0N2bYLLRxmXDTtCwjToTOqk7Pashl/QpQn3H/jHjx0b5yCMbcTVYVpNg==}
    engines: {node: ^20.19.0 || >=22.12.0}
    cpu: [arm]
    os: [linux]

  '@rolldown/binding-linux-arm64-gnu@1.0.0-rc.8':
    resolution: {integrity: sha512-tOHgTOQa8G4Z3ULj4G3NYOGGJEsqPHR91dT72u63OtVsZ7B6wFJKOx+ZKv+pvwzxWz92/I2ycaqi2/Ll4l+rlg==}
    engines: {node: ^20.19.0 || >=22.12.0}
    cpu: [arm64]
    os: [linux]

  '@rolldown/binding-linux-arm64-musl@1.0.0-rc.8':
    resolution: {integrity: sha512-oRbxcgDujCi2Yp1GTxoUFsIFlZsuPHU4OV4AzNc3/6aUmR4lfm9FK0uwQu82PJsuUwnF2jFdop3Ep5c1uK7Uxg==}
    engines: {node: ^20.19.0 || >=22.12.0}
    cpu: [arm64]
    os: [linux]

  '@rolldown/binding-linux-ppc64-gnu@1.0.0-rc.8':
    resolution: {integrity: sha512-oaLRyUHw8kQE5M89RqrDJZ10GdmGJcMeCo8tvaE4ukOofqgjV84AbqBSH6tTPjeT2BHv+xlKj678GBuIb47lKA==}
    engines: {node: ^20.19.0 || >=22.12.0}
    cpu: [ppc64]
    os: [linux]

  '@rolldown/binding-linux-s390x-gnu@1.0.0-rc.8':
    resolution: {integrity: sha512-1hjSKFrod5MwBBdLOOA0zpUuSfSDkYIY+QqcMcIU1WOtswZtZdUkcFcZza9b2HcAb0bnpmmyo0LZcaxLb2ov1g==}
    engines: {node: ^20.19.0 || >=22.12.0}
    cpu: [s390x]
    os: [linux]

  '@rolldown/binding-linux-x64-gnu@1.0.0-rc.8':
    resolution: {integrity: sha512-a1+F0aV4Wy9tT3o+cHl3XhOy6aFV+B8Ll+/JFj98oGkb6lGk3BNgrxd+80RwYRVd23oLGvj3LwluKYzlv1PEuw==}
    engines: {node: ^20.19.0 || >=22.12.0}
    cpu: [x64]
    os: [linux]

  '@rolldown/binding-linux-x64-musl@1.0.0-rc.8':
    resolution: {integrity: sha512-bGyXCFU11seFrf7z8PcHSwGEiFVkZ9vs+auLacVOQrVsI8PFHJzzJROF3P6b0ODDmXr0m6Tj5FlDhcXVk0Jp8w==}
    engines: {node: ^20.19.0 || >=22.12.0}
    cpu: [x64]
    os: [linux]

  '@rolldown/binding-openharmony-arm64@1.0.0-rc.8':
    resolution: {integrity: sha512-n8d+L2bKgf9G3+AM0bhHFWdlz9vYKNim39ujRTieukdRek0RAo2TfG2uEnV9spa4r4oHUfL9IjcY3M9SlqN1gw==}
    engines: {node: ^20.19.0 || >=22.12.0}
    cpu: [arm64]
    os: [openharmony]

  '@rolldown/binding-wasm32-wasi@1.0.0-rc.8':
    resolution: {integrity: sha512-4R4iJDIk7BrJdteAbEAICXPoA7vZoY/M0OBfcRlQxzQvUYMcEp2GbC/C8UOgQJhu2TjGTpX1H8vVO1xHWcRqQA==}
    engines: {node: '>=14.0.0'}
    cpu: [wasm32]

  '@rolldown/binding-win32-arm64-msvc@1.0.0-rc.8':
    resolution: {integrity: sha512-3lwnklba9qQOpFnQ7EW+A1m4bZTWXZE4jtehsZ0YOl2ivW1FQqp5gY7X2DLuKITggesyuLwcmqS11fA7NtrmrA==}
    engines: {node: ^20.19.0 || >=22.12.0}
    cpu: [arm64]
    os: [win32]

  '@rolldown/binding-win32-x64-msvc@1.0.0-rc.8':
    resolution: {integrity: sha512-VGjCx9Ha1P/r3tXGDZyG0Fcq7Q0Afnk64aaKzr1m40vbn1FL8R3W0V1ELDvPgzLXaaqK/9PnsqSaLWXfn6JtGQ==}
    engines: {node: ^20.19.0 || >=22.12.0}
    cpu: [x64]
    os: [win32]

  '@rolldown/pluginutils@1.0.0-rc.8':
    resolution: {integrity: sha512-wzJwL82/arVfeSP3BLr1oTy40XddjtEdrdgtJ4lLRBu06mP3q/8HGM6K0JRlQuTA3XB0pNJx2so/nmpY4xyOew==}

  '@tybys/wasm-util@0.10.1':
    resolution: {integrity: sha512-9tTaPJLSiejZKx+Bmog4uSubteqTvFrVrURwkmHixBo0G4seD0zUxp98E1DzUBJxLQ3NPwXrGKDiVjwx/DpPsg==}

  '@types/d3-array@2.12.8':
    resolution: {integrity: sha512-k+ozvEjpOc1etEyZYq/HnUtuuXuhc5OWgD2Dfvo1eLvuDTq3X2S+t8CaqNMzYxeGB6zhrQt+h8Lh8psRs3wMCA==}

  '@types/d3-cloud@1.2.9':
    resolution: {integrity: sha512-5EWJvnlCrqTThGp8lYHx+DL00sOjx2HTlXH1WRe93k5pfOIhPQaL63NttaKYIbT7bTXp/USiunjNS/N4ipttIQ==}

  '@types/d3-scale-chromatic@1.5.4':
    resolution: {integrity: sha512-HwLVEm8laYTNOR9Kc9745XDKgRa69VIIChNkSKJgrJOsDLI9QSiFSH2Bi4wMbGrvFs+X64azev7NfBPq+VOFVg==}

  '@types/d3-scale@2.2.10':
    resolution: {integrity: sha512-j4V7qQ+CQzK2KpvI5NDejdPAcds+fTzNGqWXrCXv1zNR33HRir0bMdhzN1OHDQLNXYffW/zOr3FOS2qlHDEgrw==}

  '@types/d3-selection@1.4.7':
    resolution: {integrity: sha512-aLaTOjdOJEFPhij59NdNwppvpHBheZFlLbcb7cIZZYLC0he9Wmdd/u4+1NZxlr7ncK+mq1PLmowMPw1GONrIQg==}

  '@types/d3-time@1.1.4':
    resolution: {integrity: sha512-JIvy2HjRInE+TXOmIGN5LCmeO0hkFZx5f9FZ7kiN+D+YTcc8pptsiLiuHsvwxwC7VVKmJ2ExHUgNlAiV7vQM9g==}

  '@types/d3@3.5.53':
    resolution: {integrity: sha512-8yKQA9cAS6+wGsJpBysmnhlaaxlN42Qizqkw+h2nILSlS+MAG2z4JdO6p+PJrJ+ACvimkmLJL281h157e52psQ==}

  '@types/lodash.debounce@4.0.9':
    resolution: {integrity: sha512-Ma5JcgTREwpLRwMM+XwBR7DaWe96nC38uCBDFKZWbNKD+osjVzdpnUSwBcqCptrp16sSOLBAUb50Car5I0TCsQ==}

  '@types/lodash@4.17.24':
    resolution: {integrity: sha512-gIW7lQLZbue7lRSWEFql49QJJWThrTFFeIMJdp3eH4tKoxm1OvEPg02rm4wCCSHS0cL3/Fizimb35b7k8atwsQ==}

  '@types/seedrandom@2.4.34':
    resolution: {integrity: sha512-ytDiArvrn/3Xk6/vtylys5tlY6eo7Ane0hvcx++TKo6RxQXuVfW0AF/oeWqAj9dN29SyhtawuXstgmPlwNcv/A==}

  d3-array@2.12.1:
    resolution: {integrity: sha512-B0ErZK/66mHtEsR1TkPEEkwdy+WDesimkM5gpZr5Dsg54BiTA5RXtYW5qTLIAcekaS9xfZrzBLF/OAkB3Qn1YQ==}

  d3-array@3.2.4:
    resolution: {integrity: sha512-tdQAmyA18i4J7wprpYq8ClcxZy3SC31QMeByyCFyRt7BVHdREQZ5lpzoe5mFEYZUWe+oq8HBvk9JjpibyEV4Jg==}
    engines: {node: '>=12'}

  d3-cloud@1.2.9:
    resolution: {integrity: sha512-leL1GLneC9ZQtnV+6TGWrNlGfI1WX7S2arcTv2vae12DaXo5wjm6GBCkskXbrDlyOymd/A75Pyj1H37MW4BZ/Q==}

  d3-color@2.0.0:
    resolution: {integrity: sha512-SPXi0TSKPD4g9tw0NMZFnR95XVgUZiBH+uUTqQuDu1OsE2zomHU7ho0FISciaPvosimixwHFl3WHLGabv6dDgQ==}

  d3-dispatch@1.0.6:
    resolution: {integrity: sha512-fVjoElzjhCEy+Hbn8KygnmMS7Or0a9sI2UzGwoB7cCtvI1XpVN9GpoYlnb3xt2YV66oXYb1fLJ8GMvP4hdU1RA==}

  d3-dispatch@3.0.1:
    resolution: {integrity: sha512-rzUyPU/S7rwUflMyLc1ETDeBj0NRuHKKAcvukozwhshr6g6c5d8zh4c2gQjY2bZ0dXeGLWc1PF174P2tVvKhfg==}
    engines: {node: '>=12'}

  d3-ease@1.0.7:
    resolution: {integrity: sha512-lx14ZPYkhNx0s/2HX5sLFUI3mbasHjSSpwO/KaaNACweVwxUruKyWVcb293wMv1RqTPZyZ8kSZ2NogUZNcLOFQ==}

  d3-format@2.0.0:
    resolution: {integrity: sha512-Ab3S6XuE/Q+flY96HXT0jOXcM4EAClYFnRGY5zsjRGNy6qCYrQsMffs7cV5Q9xejb35zxW5hf/guKw34kvIKsA==}

  d3-interpolate@2.0.1:
    resolution: {integrity: sha512-c5UhwwTs/yybcmTpAVqwSFl6vrQ8JZJoT5F7xNFK9pymv5C0Ymcc9/LIJHtYIggg/yS9YHw8i8O8tgb9pupjeQ==}

  d3-scale-chromatic@3.1.0:
    resolution: {integrity: sha512-A3s5PWiZ9YCXFye1o246KoscMWqf8BsD9eRiJ3He7C9OBaxKhAd5TFCdEx/7VbKtxxTsu//1mMJFrEt572cEyQ==}
    engines: {node: '>=12'}

  d3-scale@4.0.2:
    resolution: {integrity: sha512-GZW464g1SH7ag3Y7hXjf8RoUuAFIqklOAq3MRl4OaWabTFJY9PN/E1YklhXLh+OQ3fM9yS2nOkCoS+WLZ6kvxQ==}
    engines: {node: '>=12'}

  d3-selection@3.0.0:
    resolution: {integrity: sha512-fmTRWbNMmsmWq6xJV8D19U/gw/bwrHfNXxrIN+HfZgnzqTHp9jOmKMhsTUjXOJnZOdZY9Q28y4yebKzqDKlxlQ==}
    engines: {node: '>=12'}

  d3-time-format@3.0.0:
    resolution: {integrity: sha512-UXJh6EKsHBTjopVqZBhFysQcoXSv/5yLONZvkQ5Kk3qbwiUYkdX17Xa1PT6U1ZWXGGfB1ey5L8dKMlFq2DO0Ag==}

  d3-time@2.1.1:
    resolution: {integrity: sha512-/eIQe/eR4kCQwq7yxi7z4c6qEXf2IYGcjoWB5OOQy4Tq9Uv39/947qlDcN2TLkiTzQWzvnsuYPB9TrWaNfipKQ==}

  d3-timer@1.0.10:
    resolution: {integrity: sha512-B1JDm0XDaQC+uvo4DT79H0XmBskgS3l6Ve+1SBCfxgmtIb1AVrPIoqd+nPSv+loMX8szQ0sVUhGngL7D5QPiXw==}

  d3-transition@3.0.1:
    resolution: {integrity: sha512-ApKvfjsSR6tg06xrL434C0WydLr7JewBB3V+/39RMHsaXTOG0zmt/OAXeng5M5LBm0ojmxJrpomQVZ1aPvBL4w==}
    engines: {node: '>=12'}
    peerDependencies:
      d3-selection: 2 - 3

  internmap@1.0.1:
    resolution: {integrity: sha512-lDB5YccMydFBtasVtxnZ3MRBHuaoE8GKsppq+EchKL2U4nK/DmEpPHNH8MZe5HkMtpSiTSOZwfN0tzYjO/lJEw==}

  lodash.debounce@4.0.8:
    resolution: {integrity: sha512-FT1yDzDYEoYWhnSGnpE/4Kj1fLZkDFyqRb7fNt6FdYOSxlUWAtp42Eh6Wb0rGIv/m9Bgo7x4GhQbm5Ys4SG5ow==}

  oxlint@1.52.0:
    resolution: {integrity: sha512-InLldD+6+3iHJGIrtU1W37UIpsg+xoGCemkZCuSQhxUO3evMX+L872ONvbECyRza9k7ScMCukJIK3Al/2ZMDnQ==}
    engines: {node: ^20.19.0 || >=22.12.0}
    hasBin: true
    peerDependencies:
      oxlint-tsgolint: '>=0.15.0'
    peerDependenciesMeta:
      oxlint-tsgolint:
        optional: true

  react-dom@19.2.4:
    resolution: {integrity: sha512-AXJdLo8kgMbimY95O2aKQqsz2iWi9jMgKJhRBAxECE4IFxfcazB2LmzloIoibJI3C12IlY20+KFaLv+71bUJeQ==}
    peerDependencies:
      react: ^19.2.4

  react@19.2.4:
    resolution: {integrity: sha512-9nfp2hYpCwOjAN+8TZFGhtWEwgvWHXqESH8qT89AT/lWklpLON22Lc8pEtnpsZz7VmawabSU0gCjnj8aC0euHQ==}
    engines: {node: '>=0.10.0'}

  rolldown@1.0.0-rc.8:
    resolution: {integrity: sha512-RGOL7mz/aoQpy/y+/XS9iePBfeNRDUdozrhCEJxdpJyimW8v6yp4c30q6OviUU5AnUJVLRL9GP//HUs6N3ALrQ==}
    engines: {node: ^20.19.0 || >=22.12.0}
    hasBin: true

  scheduler@0.27.0:
    resolution: {integrity: sha512-eNv+WrVbKu1f3vbYJT/xtiF5syA5HPIMtf9IgY/nKg0sWqzAUEvqY/xm7OcZc/qafLx/iO9FgOmeSAp4v5ti/Q==}

  seedrandom@3.0.5:
    resolution: {integrity: sha512-8OwmbklUNzwezjGInmZ+2clQmExQPvomqjL7LFqOYqtmuxRgQYqOD3mHaU+MvZn5FLUeVxVfQjwLZW/n/JFuqg==}

  tslib@2.8.1:
    resolution: {integrity: sha512-oJFu94HQb+KVduSUQL7wnpmqnfmLsOA/nAh6b6EH0wCEoK0/mPeXU6c3wKDV83MkOuHPRHtSXKKU99IBazS/2w==}

  typescript@5.9.3:
    resolution: {integrity: sha512-jl1vZzPDinLr9eUt3J/t7V6FgNEw9QjvBPdysz9KfQDD41fQrC2Y4vKQdiaUpFT4bXlb1RHhLpp8wtm6M5TgSw==}
    engines: {node: '>=14.17'}
    hasBin: true

snapshots:

  '@emnapi/core@1.8.1':
    dependencies:
      '@emnapi/wasi-threads': 1.1.0
      tslib: 2.8.1
    optional: true

  '@emnapi/runtime@1.8.1':
    dependencies:
      tslib: 2.8.1
    optional: true

  '@emnapi/wasi-threads@1.1.0':
    dependencies:
      tslib: 2.8.1
    optional: true

  '@napi-rs/wasm-runtime@1.1.1':
    dependencies:
      '@emnapi/core': 1.8.1
      '@emnapi/runtime': 1.8.1
      '@tybys/wasm-util': 0.10.1
    optional: true

  '@oxc-project/types@0.115.0': {}

  '@oxlint/binding-android-arm-eabi@1.52.0':
    optional: true

  '@oxlint/binding-android-arm64@1.52.0':
    optional: true

  '@oxlint/binding-darwin-arm64@1.52.0':
    optional: true

  '@oxlint/binding-darwin-x64@1.52.0':
    optional: true

  '@oxlint/binding-freebsd-x64@1.52.0':
    optional: true

  '@oxlint/binding-linux-arm-gnueabihf@1.52.0':
    optional: true

  '@oxlint/binding-linux-arm-musleabihf@1.52.0':
    optional: true

  '@oxlint/binding-linux-arm64-gnu@1.52.0':
    optional: true

  '@oxlint/binding-linux-arm64-musl@1.52.0':
    optional: true

  '@oxlint/binding-linux-ppc64-gnu@1.52.0':
    optional: true

  '@oxlint/binding-linux-riscv64-gnu@1.52.0':
    optional: true

  '@oxlint/binding-linux-riscv64-musl@1.52.0':
    optional: true

  '@oxlint/binding-linux-s390x-gnu@1.52.0':
    optional: true

  '@oxlint/binding-linux-x64-gnu@1.52.0':
    optional: true

  '@oxlint/binding-linux-x64-musl@1.52.0':
    optional: true

  '@oxlint/binding-openharmony-arm64@1.52.0':
    optional: true

  '@oxlint/binding-win32-arm64-msvc@1.52.0':
    optional: true

  '@oxlint/binding-win32-ia32-msvc@1.52.0':
    optional: true

  '@oxlint/binding-win32-x64-msvc@1.52.0':
    optional: true

  '@rolldown/binding-android-arm64@1.0.0-rc.8':
    optional: true

  '@rolldown/binding-darwin-arm64@1.0.0-rc.8':
    optional: true

  '@rolldown/binding-darwin-x64@1.0.0-rc.8':
    optional: true

  '@rolldown/binding-freebsd-x64@1.0.0-rc.8':
    optional: true

  '@rolldown/binding-linux-arm-gnueabihf@1.0.0-rc.8':
    optional: true

  '@rolldown/binding-linux-arm64-gnu@1.0.0-rc.8':
    optional: true

  '@rolldown/binding-linux-arm64-musl@1.0.0-rc.8':
    optional: true

  '@rolldown/binding-linux-ppc64-gnu@1.0.0-rc.8':
    optional: true

  '@rolldown/binding-linux-s390x-gnu@1.0.0-rc.8':
    optional: true

  '@rolldown/binding-linux-x64-gnu@1.0.0-rc.8':
    optional: true

  '@rolldown/binding-linux-x64-musl@1.0.0-rc.8':
    optional: true

  '@rolldown/binding-openharmony-arm64@1.0.0-rc.8':
    optional: true

  '@rolldown/binding-wasm32-wasi@1.0.0-rc.8':
    dependencies:
      '@napi-rs/wasm-runtime': 1.1.1
    optional: true

  '@rolldown/binding-win32-arm64-msvc@1.0.0-rc.8':
    optional: true

  '@rolldown/binding-win32-x64-msvc@1.0.0-rc.8':
    optional: true

  '@rolldown/pluginutils@1.0.0-rc.8': {}

  '@tybys/wasm-util@0.10.1':
    dependencies:
      tslib: 2.8.1
    optional: true

  '@types/d3-array@2.12.8': {}

  '@types/d3-cloud@1.2.9':
    dependencies:
      '@types/d3': 3.5.53

  '@types/d3-scale-chromatic@1.5.4': {}

  '@types/d3-scale@2.2.10':
    dependencies:
      '@types/d3-time': 1.1.4

  '@types/d3-selection@1.4.7': {}

  '@types/d3-time@1.1.4': {}

  '@types/d3@3.5.53': {}

  '@types/lodash.debounce@4.0.9':
    dependencies:
      '@types/lodash': 4.17.24

  '@types/lodash@4.17.24': {}

  '@types/seedrandom@2.4.34': {}

  d3-array@2.12.1:
    dependencies:
      internmap: 1.0.1

  d3-array@3.2.4:
    dependencies:
      internmap: 1.0.1

  d3-cloud@1.2.9:
    dependencies:
      d3-dispatch: 1.0.6

  d3-color@2.0.0: {}

  d3-dispatch@1.0.6: {}

  d3-dispatch@3.0.1: {}

  d3-ease@1.0.7: {}

  d3-format@2.0.0: {}

  d3-interpolate@2.0.1:
    dependencies:
      d3-color: 2.0.0

  d3-scale-chromatic@3.1.0:
    dependencies:
      d3-color: 2.0.0
      d3-interpolate: 2.0.1

  d3-scale@4.0.2:
    dependencies:
      d3-array: 3.2.4
      d3-format: 2.0.0
      d3-interpolate: 2.0.1
      d3-time: 2.1.1
      d3-time-format: 3.0.0

  d3-selection@3.0.0: {}

  d3-time-format@3.0.0:
    dependencies:
      d3-time: 2.1.1

  d3-time@2.1.1:
    dependencies:
      d3-array: 2.12.1

  d3-timer@1.0.10: {}

  d3-transition@3.0.1(d3-selection@3.0.0):
    dependencies:
      d3-color: 2.0.0
      d3-dispatch: 3.0.1
      d3-ease: 1.0.7
      d3-interpolate: 2.0.1
      d3-selection: 3.0.0
      d3-timer: 1.0.10

  internmap@1.0.1: {}

  lodash.debounce@4.0.8: {}

  oxlint@1.52.0:
    optionalDependencies:
      '@oxlint/binding-android-arm-eabi': 1.52.0
      '@oxlint/binding-android-arm64': 1.52.0
      '@oxlint/binding-darwin-arm64': 1.52.0
      '@oxlint/binding-darwin-x64': 1.52.0
      '@oxlint/binding-freebsd-x64': 1.52.0
      '@oxlint/binding-linux-arm-gnueabihf': 1.52.0
      '@oxlint/binding-linux-arm-musleabihf': 1.52.0
      '@oxlint/binding-linux-arm64-gnu': 1.52.0
      '@oxlint/binding-linux-arm64-musl': 1.52.0
      '@oxlint/binding-linux-ppc64-gnu': 1.52.0
      '@oxlint/binding-linux-riscv64-gnu': 1.52.0
      '@oxlint/binding-linux-riscv64-musl': 1.52.0
      '@oxlint/binding-linux-s390x-gnu': 1.52.0
      '@oxlint/binding-linux-x64-gnu': 1.52.0
      '@oxlint/binding-linux-x64-musl': 1.52.0
      '@oxlint/binding-openharmony-arm64': 1.52.0
      '@oxlint/binding-win32-arm64-msvc': 1.52.0
      '@oxlint/binding-win32-ia32-msvc': 1.52.0
      '@oxlint/binding-win32-x64-msvc': 1.52.0

  react-dom@19.2.4(react@19.2.4):
    dependencies:
      react: 19.2.4
      scheduler: 0.27.0

  react@19.2.4: {}

  rolldown@1.0.0-rc.8:
    dependencies:
      '@oxc-project/types': 0.115.0
      '@rolldown/pluginutils': 1.0.0-rc.8
    optionalDependencies:
      '@rolldown/binding-android-arm64': 1.0.0-rc.8
      '@rolldown/binding-darwin-arm64': 1.0.0-rc.8
      '@rolldown/binding-darwin-x64': 1.0.0-rc.8
      '@rolldown/binding-freebsd-x64': 1.0.0-rc.8
      '@rolldown/binding-linux-arm-gnueabihf': 1.0.0-rc.8
      '@rolldown/binding-linux-arm64-gnu': 1.0.0-rc.8
      '@rolldown/binding-linux-arm64-musl': 1.0.0-rc.8
      '@rolldown/binding-linux-ppc64-gnu': 1.0.0-rc.8
      '@rolldown/binding-linux-s390x-gnu': 1.0.0-rc.8
      '@rolldown/binding-linux-x64-gnu': 1.0.0-rc.8
      '@rolldown/binding-linux-x64-musl': 1.0.0-rc.8
      '@rolldown/binding-openharmony-arm64': 1.0.0-rc.8
      '@rolldown/binding-wasm32-wasi': 1.0.0-rc.8
      '@rolldown/binding-win32-arm64-msvc': 1.0.0-rc.8
      '@rolldown/binding-win32-x64-msvc': 1.0.0-rc.8

  scheduler@0.27.0: {}

  seedrandom@3.0.5: {}

  tslib@2.8.1:
    optional: true

  typescript@5.9.3: {}
